
Microsoft Visual Studio Solution File, Format Version 12.00
# Visual Studio Version 17
VisualStudioVersion = 17.7.34018.315
MinimumVisualStudioVersion = 10.0.40219.1
Project("{FAE04EC0-301F-11D3-BF4B-00C04F79EFBC}") = "2023_Aliante_Intera", "2023_Aliante_Intera\2023_Aliante_Intera.csproj", "{E717E362-17AB-4FBE-88B1-BA7C3E4BCFA3}"
EndProject
Global
	GlobalSection(SolutionConfigurationPlatforms) = preSolution
		Debug|Any CPU = Debug|Any CPU
		Release|Any CPU = Release|Any CPU
	EndGlobalSection
	GlobalSection(ProjectConfigurationPlatforms) = postSolution
		{E717E362-17AB-4FBE-88B1-BA7C3E4BCFA3}.Debug|Any CPU.ActiveCfg = Debug|Any CPU
		{E717E362-17AB-4FBE-88B1-BA7C3E4BCFA3}.Debug|Any CPU.Build.0 = Debug|Any CPU
		{E717E362-17AB-4FBE-88B1-BA7C3E4BCFA3}.Release|Any CPU.ActiveCfg = Release|Any CPU
		{E717E362-17AB-4FBE-88B1-BA7C3E4BCFA3}.Release|Any CPU.Build.0 = Release|Any CPU
	EndGlobalSection
	GlobalSection(SolutionProperties) = preSolution
		HideSolutionNode = FALSE
	EndGlobalSection
	GlobalSection(ExtensibilityGlobals) = postSolution
		SolutionGuid = {E8CCEE8F-BFCB-4BC0-8DE3-68E44F7C9EC5}
	EndGlobalSection
EndGlobal
